
Microsoft Visual Studio Solution File, Format Version 12.00
Project("{FAE04EC0-301F-11D3-BF4B-00C04F79EFBC}") = "priorizzeProject", "priorizzeProject\priorizzeProject.csproj", "{54581F49-64B7-4473-96E3-E1831F381CBE}"
EndProject
Project("{2150E333-8FDC-42A3-9474-1A3956D46DE8}") = "Solution Items", "Solution Items", "{04D95F39-DDF7-4EDD-9332-DE0434C84B67}"
	ProjectSection(SolutionItems) = preProject
		compose.yaml = compose.yaml
	EndProjectSection
EndProject
Global
	GlobalSection(SolutionConfigurationPlatforms) = preSolution
		Debug|Any CPU = Debug|Any CPU
		Release|Any CPU = Release|Any CPU
	EndGlobalSection
	GlobalSection(ProjectConfigurationPlatforms) = postSolution
		{54581F49-64B7-4473-96E3-E1831F381CBE}.Debug|Any CPU.ActiveCfg = Debug|Any CPU
		{54581F49-64B7-4473-96E3-E1831F381CBE}.Debug|Any CPU.Build.0 = Debug|Any CPU
		{54581F49-64B7-4473-96E3-E1831F381CBE}.Release|Any CPU.ActiveCfg = Release|Any CPU
		{54581F49-64B7-4473-96E3-E1831F381CBE}.Release|Any CPU.Build.0 = Release|Any CPU
	EndGlobalSection
EndGlobal
